
Microsoft Visual Studio Solution File, Format Version 12.00
# Visual Studio Version 18
VisualStudioVersion = 18.1.11312.151
MinimumVisualStudioVersion = 10.0.40219.1
Project("{2150E333-8FDC-42A3-9474-1A3956D46DE8}") = "test", "test", "{E7671C23-F30C-471A-A9EF-AC85DC607B55}"
EndProject
Project("{2150E333-8FDC-42A3-9474-1A3956D46DE8}") = "src", "src", "{05420FAB-1C50-4AAD-9E7C-2A86184019B7}"
EndProject
Project("{FAE04EC0-301F-11D3-BF4B-00C04F79EFBC}") = "EstateManagementUI.BlazorServer", "EstateManagementUI.BlazorServer\EstateManagementUI.BlazorServer.csproj", "{C52FE3F3-E999-4A12-A20B-0D5C6DA34AA9}"
EndProject
Project("{FAE04EC0-301F-11D3-BF4B-00C04F79EFBC}") = "EstateManagementUI.BlazorServer.Tests", "EstateManagementUI.BlazorServer.Tests\EstateManagementUI.BlazorServer.Tests.csproj", "{55431CBE-C879-47B9-9607-A5822DE9B856}"
EndProject
Project("{FAE04EC0-301F-11D3-BF4B-00C04F79EFBC}") = "EstateManagementUI.IntegrationTests", "EstateManagementUI.IntegrationTests\EstateManagementUI.IntegrationTests.csproj", "{93B9C973-7DA8-325D-D9FC-6E93A3A25B25}"
EndProject
Project("{FAE04EC0-301F-11D3-BF4B-00C04F79EFBC}") = "EstateManagementUI.BusinessLogic", "EstateManagmentUI.BusinessLogic\EstateManagementUI.BusinessLogic.csproj", "{B69C29D8-53FF-465E-A5BE-ED181567A16F}"
EndProject
Global
	GlobalSection(SolutionConfigurationPlatforms) = preSolution
		Debug|Any CPU = Debug|Any CPU
		Debug|x64 = Debug|x64
		Debug|x86 = Debug|x86
		Release|Any CPU = Release|Any CPU
		Release|x64 = Release|x64
		Release|x86 = Release|x86
	EndGlobalSection
	GlobalSection(ProjectConfigurationPlatforms) = postSolution
		{C52FE3F3-E999-4A12-A20B-0D5C6DA34AA9}.Debug|Any CPU.ActiveCfg = Debug|Any CPU
		{C52FE3F3-E999-4A12-A20B-0D5C6DA34AA9}.Debug|Any CPU.Build.0 = Debug|Any CPU
		{C52FE3F3-E999-4A12-A20B-0D5C6DA34AA9}.Debug|x64.ActiveCfg = Debug|Any CPU
		{C52FE3F3-E999-4A12-A20B-0D5C6DA34AA9}.Debug|x64.Build.0 = Debug|Any CPU
		{C52FE3F3-E999-4A12-A20B-0D5C6DA34AA9}.Debug|x86.ActiveCfg = Debug|Any CPU
		{C52FE3F3-E999-4A12-A20B-0D5C6DA34AA9}.Debug|x86.Build.0 = Debug|Any CPU
		{C52FE3F3-E999-4A12-A20B-0D5C6DA34AA9}.Release|Any CPU.ActiveCfg = Release|Any CPU
		{C52FE3F3-E999-4A12-A20B-0D5C6DA34AA9}.Release|Any CPU.Build.0 = Release|Any CPU
		{C52FE3F3-E999-4A12-A20B-0D5C6DA34AA9}.Release|x64.ActiveCfg = Release|Any CPU
		{C52FE3F3-E999-4A12-A20B-0D5C6DA34AA9}.Release|x64.Build.0 = Release|Any CPU
		{C52FE3F3-E999-4A12-A20B-0D5C6DA34AA9}.Release|x86.ActiveCfg = Release|Any CPU
		{C52FE3F3-E999-4A12-A20B-0D5C6DA34AA9}.Release|x86.Build.0 = Release|Any CPU
		{55431CBE-C879-47B9-9607-A5822DE9B856}.Debug|Any CPU.ActiveCfg = Debug|Any CPU
		{55431CBE-C879-47B9-9607-A5822DE9B856}.Debug|Any CPU.Build.0 = Debug|Any CPU
		{55431CBE-C879-47B9-9607-A5822DE9B856}.Debug|x64.ActiveCfg = Debug|Any CPU
		{55431CBE-C879-47B9-9607-A5822DE9B856}.Debug|x64.Build.0 = Debug|Any CPU
		{55431CBE-C879-47B9-9607-A5822DE9B856}.Debug|x86.ActiveCfg = Debug|Any CPU
		{55431CBE-C879-47B9-9607-A5822DE9B856}.Debug|x86.Build.0 = Debug|Any CPU
		{55431CBE-C879-47B9-9607-A5822DE9B856}.Release|Any CPU.ActiveCfg = Release|Any CPU
		{55431CBE-C879-47B9-9607-A5822DE9B856}.Release|Any CPU.Build.0 = Release|Any CPU
		{55431CBE-C879-47B9-9607-A5822DE9B856}.Release|x64.ActiveCfg = Release|Any CPU
		{55431CBE-C879-47B9-9607-A5822DE9B856}.Release|x64.Build.0 = Release|Any CPU
		{55431CBE-C879-47B9-9607-A5822DE9B856}.Release|x86.ActiveCfg = Release|Any CPU
		{55431CBE-C879-47B9-9607-A5822DE9B856}.Release|x86.Build.0 = Release|Any CPU
		{93B9C973-7DA8-325D-D9FC-6E93A3A25B25}.Debug|Any CPU.ActiveCfg = Debug|Any CPU
		{93B9C973-7DA8-325D-D9FC-6E93A3A25B25}.Debug|Any CPU.Build.0 = Debug|Any CPU
		{93B9C973-7DA8-325D-D9FC-6E93A3A25B25}.Debug|x64.ActiveCfg = Debug|Any CPU
		{93B9C973-7DA8-325D-D9FC-6E93A3A25B25}.Debug|x64.Build.0 = Debug|Any CPU
		{93B9C973-7DA8-325D-D9FC-6E93A3A25B25}.Debug|x86.ActiveCfg = Debug|Any CPU
		{93B9C973-7DA8-325D-D9FC-6E93A3A25B25}.Debug|x86.Build.0 = Debug|Any CPU
		{93B9C973-7DA8-325D-D9FC-6E93A3A25B25}.Release|Any CPU.ActiveCfg = Release|Any CPU
		{93B9C973-7DA8-325D-D9FC-6E93A3A25B25}.Release|Any CPU.Build.0 = Release|Any CPU
		{93B9C973-7DA8-325D-D9FC-6E93A3A25B25}.Release|x64.ActiveCfg = Release|Any CPU
		{93B9C973-7DA8-325D-D9FC-6E93A3A25B25}.Release|x64.Build.0 = Release|Any CPU
		{93B9C973-7DA8-325D-D9FC-6E93A3A25B25}.Release|x86.ActiveCfg = Release|Any CPU
		{93B9C973-7DA8-325D-D9FC-6E93A3A25B25}.Release|x86.Build.0 = Release|Any CPU
		{B69C29D8-53FF-465E-A5BE-ED181567A16F}.Debug|Any CPU.ActiveCfg = Debug|Any CPU
		{B69C29D8-53FF-465E-A5BE-ED181567A16F}.Debug|Any CPU.Build.0 = Debug|Any CPU
		{B69C29D8-53FF-465E-A5BE-ED181567A16F}.Debug|x64.ActiveCfg = Debug|Any CPU
		{B69C29D8-53FF-465E-A5BE-ED181567A16F}.Debug|x64.Build.0 = Debug|Any CPU
		{B69C29D8-53FF-465E-A5BE-ED181567A16F}.Debug|x86.ActiveCfg = Debug|Any CPU
		{B69C29D8-53FF-465E-A5BE-ED181567A16F}.Debug|x86.Build.0 = Debug|Any CPU
		{B69C29D8-53FF-465E-A5BE-ED181567A16F}.Release|Any CPU.ActiveCfg = Release|Any CPU
		{B69C29D8-53FF-465E-A5BE-ED181567A16F}.Release|Any CPU.Build.0 = Release|Any CPU
		{B69C29D8-53FF-465E-A5BE-ED181567A16F}.Release|x64.ActiveCfg = Release|Any CPU
		{B69C29D8-53FF-465E-A5BE-ED181567A16F}.Release|x64.Build.0 = Release|Any CPU
		{B69C29D8-53FF-465E-A5BE-ED181567A16F}.Release|x86.ActiveCfg = Release|Any CPU
		{B69C29D8-53FF-465E-A5BE-ED181567A16F}.Release|x86.Build.0 = Release|Any CPU
	EndGlobalSection
	GlobalSection(SolutionProperties) = preSolution
		HideSolutionNode = FALSE
	EndGlobalSection
	GlobalSection(NestedProjects) = preSolution
		{C52FE3F3-E999-4A12-A20B-0D5C6DA34AA9} = {05420FAB-1C50-4AAD-9E7C-2A86184019B7}
		{55431CBE-C879-47B9-9607-A5822DE9B856} = {E7671C23-F30C-471A-A9EF-AC85DC607B55}
		{93B9C973-7DA8-325D-D9FC-6E93A3A25B25} = {E7671C23-F30C-471A-A9EF-AC85DC607B55}
		{B69C29D8-53FF-465E-A5BE-ED181567A16F} = {05420FAB-1C50-4AAD-9E7C-2A86184019B7}
	EndGlobalSection
	GlobalSection(ExtensibilityGlobals) = postSolution
		SolutionGuid = {C5AE6DA4-B167-44E5-9B63-61C7E8D1BC9F}
	EndGlobalSection
EndGlobal
