
Microsoft Visual Studio Solution File, Format Version 12.00
# Visual Studio Version 17
VisualStudioVersion = 17.11.35103.136
MinimumVisualStudioVersion = 10.0.40219.1
Project("{9A19103F-16F7-4668-BE54-9A1E7A4F7556}") = "EstateManagementUI", "EstateManagementUI\EstateManagementUI.csproj", "{2EA6492F-70A7-41EB-B816-A9854C0DB47B}"
EndProject
Project("{2150E333-8FDC-42A3-9474-1A3956D46DE8}") = "test", "test", "{E7671C23-F30C-471A-A9EF-AC85DC607B55}"
EndProject
Project("{2150E333-8FDC-42A3-9474-1A3956D46DE8}") = "src", "src", "{05420FAB-1C50-4AAD-9E7C-2A86184019B7}"
EndProject
Project("{9A19103F-16F7-4668-BE54-9A1E7A4F7556}") = "EstateManagementUI.BusinessLogic.Tests", "EstateManagementUI.BusinessLogic.Tests\EstateManagementUI.BusinessLogic.Tests.csproj", "{95D6BC50-E55F-4D9B-B96D-D97EE5456BE1}"
EndProject
Project("{9A19103F-16F7-4668-BE54-9A1E7A4F7556}") = "EstateManagementUI.Testing", "EstateManagementUI.Testing\EstateManagementUI.Testing.csproj", "{6F4573B4-A5CC-48B6-A96A-E692C612275D}"
EndProject
Project("{9A19103F-16F7-4668-BE54-9A1E7A4F7556}") = "EstateManagementUI.IntegrationTests", "EstateManagementUI.IntegrationTests\EstateManagementUI.IntegrationTests.csproj", "{4E83EBD1-AC2B-43DA-9EDD-420A213FF635}"
EndProject
Project("{9A19103F-16F7-4668-BE54-9A1E7A4F7556}") = "EstateManagementUI.BusinessLogic", "EstateManagementUI.BusinessLogic\EstateManagementUI.BusinessLogic.csproj", "{661A3E05-A174-4930-8171-5EDC19D1D267}"
EndProject
Project("{FAE04EC0-301F-11D3-BF4B-00C04F79EFBC}") = "EstateManagementUI.ViewModels", "EstateManagementUI.ViewModels\EstateManagementUI.ViewModels.csproj", "{245519C4-A8C6-40A4-AE09-9431DC1845EF}"
EndProject
Project("{FAE04EC0-301F-11D3-BF4B-00C04F79EFBC}") = "EstateManagementUI.UITests", "EstateManagementUI.UITests\EstateManagementUI.UITests.csproj", "{CC0964BD-CDF0-4976-AF28-B28800FDC286}"
EndProject
Project("{FAE04EC0-301F-11D3-BF4B-00C04F79EFBC}") = "EstateManagementUI.BlazorServer", "EstateManagementUI.BlazorServer\EstateManagementUI.BlazorServer.csproj", "{C52FE3F3-E999-4A12-A20B-0D5C6DA34AA9}"
EndProject
Project("{FAE04EC0-301F-11D3-BF4B-00C04F79EFBC}") = "EstateManagementUI.PlaywrightTests", "EstateManagementUI.PlaywrightTests\EstateManagementUI.PlaywrightTests.csproj", "{CBBB4C89-6F29-4502-8E48-CB53C81F5B27}"
EndProject
Global
	GlobalSection(SolutionConfigurationPlatforms) = preSolution
		Debug|Any CPU = Debug|Any CPU
		Debug|x64 = Debug|x64
		Debug|x86 = Debug|x86
		Release|Any CPU = Release|Any CPU
		Release|x64 = Release|x64
		Release|x86 = Release|x86
	EndGlobalSection
	GlobalSection(ProjectConfigurationPlatforms) = postSolution
		{2EA6492F-70A7-41EB-B816-A9854C0DB47B}.Debug|Any CPU.ActiveCfg = Debug|Any CPU
		{2EA6492F-70A7-41EB-B816-A9854C0DB47B}.Debug|Any CPU.Build.0 = Debug|Any CPU
		{2EA6492F-70A7-41EB-B816-A9854C0DB47B}.Debug|x64.ActiveCfg = Debug|Any CPU
		{2EA6492F-70A7-41EB-B816-A9854C0DB47B}.Debug|x64.Build.0 = Debug|Any CPU
		{2EA6492F-70A7-41EB-B816-A9854C0DB47B}.Debug|x86.ActiveCfg = Debug|Any CPU
		{2EA6492F-70A7-41EB-B816-A9854C0DB47B}.Debug|x86.Build.0 = Debug|Any CPU
		{2EA6492F-70A7-41EB-B816-A9854C0DB47B}.Release|Any CPU.ActiveCfg = Release|Any CPU
		{2EA6492F-70A7-41EB-B816-A9854C0DB47B}.Release|Any CPU.Build.0 = Release|Any CPU
		{2EA6492F-70A7-41EB-B816-A9854C0DB47B}.Release|x64.ActiveCfg = Release|Any CPU
		{2EA6492F-70A7-41EB-B816-A9854C0DB47B}.Release|x64.Build.0 = Release|Any CPU
		{2EA6492F-70A7-41EB-B816-A9854C0DB47B}.Release|x86.ActiveCfg = Release|Any CPU
		{2EA6492F-70A7-41EB-B816-A9854C0DB47B}.Release|x86.Build.0 = Release|Any CPU
		{95D6BC50-E55F-4D9B-B96D-D97EE5456BE1}.Debug|Any CPU.ActiveCfg = Debug|Any CPU
		{95D6BC50-E55F-4D9B-B96D-D97EE5456BE1}.Debug|Any CPU.Build.0 = Debug|Any CPU
		{95D6BC50-E55F-4D9B-B96D-D97EE5456BE1}.Debug|x64.ActiveCfg = Debug|Any CPU
		{95D6BC50-E55F-4D9B-B96D-D97EE5456BE1}.Debug|x64.Build.0 = Debug|Any CPU
		{95D6BC50-E55F-4D9B-B96D-D97EE5456BE1}.Debug|x86.ActiveCfg = Debug|Any CPU
		{95D6BC50-E55F-4D9B-B96D-D97EE5456BE1}.Debug|x86.Build.0 = Debug|Any CPU
		{95D6BC50-E55F-4D9B-B96D-D97EE5456BE1}.Release|Any CPU.ActiveCfg = Release|Any CPU
		{95D6BC50-E55F-4D9B-B96D-D97EE5456BE1}.Release|Any CPU.Build.0 = Release|Any CPU
		{95D6BC50-E55F-4D9B-B96D-D97EE5456BE1}.Release|x64.ActiveCfg = Release|Any CPU
		{95D6BC50-E55F-4D9B-B96D-D97EE5456BE1}.Release|x64.Build.0 = Release|Any CPU
		{95D6BC50-E55F-4D9B-B96D-D97EE5456BE1}.Release|x86.ActiveCfg = Release|Any CPU
		{95D6BC50-E55F-4D9B-B96D-D97EE5456BE1}.Release|x86.Build.0 = Release|Any CPU
		{6F4573B4-A5CC-48B6-A96A-E692C612275D}.Debug|Any CPU.ActiveCfg = Debug|Any CPU
		{6F4573B4-A5CC-48B6-A96A-E692C612275D}.Debug|Any CPU.Build.0 = Debug|Any CPU
		{6F4573B4-A5CC-48B6-A96A-E692C612275D}.Debug|x64.ActiveCfg = Debug|Any CPU
		{6F4573B4-A5CC-48B6-A96A-E692C612275D}.Debug|x64.Build.0 = Debug|Any CPU
		{6F4573B4-A5CC-48B6-A96A-E692C612275D}.Debug|x86.ActiveCfg = Debug|Any CPU
		{6F4573B4-A5CC-48B6-A96A-E692C612275D}.Debug|x86.Build.0 = Debug|Any CPU
		{6F4573B4-A5CC-48B6-A96A-E692C612275D}.Release|Any CPU.ActiveCfg = Release|Any CPU
		{6F4573B4-A5CC-48B6-A96A-E692C612275D}.Release|Any CPU.Build.0 = Release|Any CPU
		{6F4573B4-A5CC-48B6-A96A-E692C612275D}.Release|x64.ActiveCfg = Release|Any CPU
		{6F4573B4-A5CC-48B6-A96A-E692C612275D}.Release|x64.Build.0 = Release|Any CPU
		{6F4573B4-A5CC-48B6-A96A-E692C612275D}.Release|x86.ActiveCfg = Release|Any CPU
		{6F4573B4-A5CC-48B6-A96A-E692C612275D}.Release|x86.Build.0 = Release|Any CPU
		{4E83EBD1-AC2B-43DA-9EDD-420A213FF635}.Debug|Any CPU.ActiveCfg = Debug|Any CPU
		{4E83EBD1-AC2B-43DA-9EDD-420A213FF635}.Debug|Any CPU.Build.0 = Debug|Any CPU
		{4E83EBD1-AC2B-43DA-9EDD-420A213FF635}.Debug|x64.ActiveCfg = Debug|Any CPU
		{4E83EBD1-AC2B-43DA-9EDD-420A213FF635}.Debug|x64.Build.0 = Debug|Any CPU
		{4E83EBD1-AC2B-43DA-9EDD-420A213FF635}.Debug|x86.ActiveCfg = Debug|Any CPU
		{4E83EBD1-AC2B-43DA-9EDD-420A213FF635}.Debug|x86.Build.0 = Debug|Any CPU
		{4E83EBD1-AC2B-43DA-9EDD-420A213FF635}.Release|Any CPU.ActiveCfg = Release|Any CPU
		{4E83EBD1-AC2B-43DA-9EDD-420A213FF635}.Release|Any CPU.Build.0 = Release|Any CPU
		{4E83EBD1-AC2B-43DA-9EDD-420A213FF635}.Release|x64.ActiveCfg = Release|Any CPU
		{4E83EBD1-AC2B-43DA-9EDD-420A213FF635}.Release|x64.Build.0 = Release|Any CPU
		{4E83EBD1-AC2B-43DA-9EDD-420A213FF635}.Release|x86.ActiveCfg = Release|Any CPU
		{4E83EBD1-AC2B-43DA-9EDD-420A213FF635}.Release|x86.Build.0 = Release|Any CPU
		{661A3E05-A174-4930-8171-5EDC19D1D267}.Debug|Any CPU.ActiveCfg = Debug|Any CPU
		{661A3E05-A174-4930-8171-5EDC19D1D267}.Debug|Any CPU.Build.0 = Debug|Any CPU
		{661A3E05-A174-4930-8171-5EDC19D1D267}.Debug|x64.ActiveCfg = Debug|Any CPU
		{661A3E05-A174-4930-8171-5EDC19D1D267}.Debug|x64.Build.0 = Debug|Any CPU
		{661A3E05-A174-4930-8171-5EDC19D1D267}.Debug|x86.ActiveCfg = Debug|Any CPU
		{661A3E05-A174-4930-8171-5EDC19D1D267}.Debug|x86.Build.0 = Debug|Any CPU
		{661A3E05-A174-4930-8171-5EDC19D1D267}.Release|Any CPU.ActiveCfg = Release|Any CPU
		{661A3E05-A174-4930-8171-5EDC19D1D267}.Release|Any CPU.Build.0 = Release|Any CPU
		{661A3E05-A174-4930-8171-5EDC19D1D267}.Release|x64.ActiveCfg = Release|Any CPU
		{661A3E05-A174-4930-8171-5EDC19D1D267}.Release|x64.Build.0 = Release|Any CPU
		{661A3E05-A174-4930-8171-5EDC19D1D267}.Release|x86.ActiveCfg = Release|Any CPU
		{661A3E05-A174-4930-8171-5EDC19D1D267}.Release|x86.Build.0 = Release|Any CPU
		{245519C4-A8C6-40A4-AE09-9431DC1845EF}.Debug|Any CPU.ActiveCfg = Debug|Any CPU
		{245519C4-A8C6-40A4-AE09-9431DC1845EF}.Debug|Any CPU.Build.0 = Debug|Any CPU
		{245519C4-A8C6-40A4-AE09-9431DC1845EF}.Debug|x64.ActiveCfg = Debug|Any CPU
		{245519C4-A8C6-40A4-AE09-9431DC1845EF}.Debug|x64.Build.0 = Debug|Any CPU
		{245519C4-A8C6-40A4-AE09-9431DC1845EF}.Debug|x86.ActiveCfg = Debug|Any CPU
		{245519C4-A8C6-40A4-AE09-9431DC1845EF}.Debug|x86.Build.0 = Debug|Any CPU
		{245519C4-A8C6-40A4-AE09-9431DC1845EF}.Release|Any CPU.ActiveCfg = Release|Any CPU
		{245519C4-A8C6-40A4-AE09-9431DC1845EF}.Release|Any CPU.Build.0 = Release|Any CPU
		{245519C4-A8C6-40A4-AE09-9431DC1845EF}.Release|x64.ActiveCfg = Release|Any CPU
		{245519C4-A8C6-40A4-AE09-9431DC1845EF}.Release|x64.Build.0 = Release|Any CPU
		{245519C4-A8C6-40A4-AE09-9431DC1845EF}.Release|x86.ActiveCfg = Release|Any CPU
		{245519C4-A8C6-40A4-AE09-9431DC1845EF}.Release|x86.Build.0 = Release|Any CPU
		{CC0964BD-CDF0-4976-AF28-B28800FDC286}.Debug|Any CPU.ActiveCfg = Debug|Any CPU
		{CC0964BD-CDF0-4976-AF28-B28800FDC286}.Debug|Any CPU.Build.0 = Debug|Any CPU
		{CC0964BD-CDF0-4976-AF28-B28800FDC286}.Debug|x64.ActiveCfg = Debug|Any CPU
		{CC0964BD-CDF0-4976-AF28-B28800FDC286}.Debug|x64.Build.0 = Debug|Any CPU
		{CC0964BD-CDF0-4976-AF28-B28800FDC286}.Debug|x86.ActiveCfg = Debug|Any CPU
		{CC0964BD-CDF0-4976-AF28-B28800FDC286}.Debug|x86.Build.0 = Debug|Any CPU
		{CC0964BD-CDF0-4976-AF28-B28800FDC286}.Release|Any CPU.ActiveCfg = Release|Any CPU
		{CC0964BD-CDF0-4976-AF28-B28800FDC286}.Release|Any CPU.Build.0 = Release|Any CPU
		{CC0964BD-CDF0-4976-AF28-B28800FDC286}.Release|x64.ActiveCfg = Release|Any CPU
		{CC0964BD-CDF0-4976-AF28-B28800FDC286}.Release|x64.Build.0 = Release|Any CPU
		{CC0964BD-CDF0-4976-AF28-B28800FDC286}.Release|x86.ActiveCfg = Release|Any CPU
		{CC0964BD-CDF0-4976-AF28-B28800FDC286}.Release|x86.Build.0 = Release|Any CPU
		{C52FE3F3-E999-4A12-A20B-0D5C6DA34AA9}.Debug|Any CPU.ActiveCfg = Debug|Any CPU
		{C52FE3F3-E999-4A12-A20B-0D5C6DA34AA9}.Debug|Any CPU.Build.0 = Debug|Any CPU
		{C52FE3F3-E999-4A12-A20B-0D5C6DA34AA9}.Debug|x64.ActiveCfg = Debug|Any CPU
		{C52FE3F3-E999-4A12-A20B-0D5C6DA34AA9}.Debug|x64.Build.0 = Debug|Any CPU
		{C52FE3F3-E999-4A12-A20B-0D5C6DA34AA9}.Debug|x86.ActiveCfg = Debug|Any CPU
		{C52FE3F3-E999-4A12-A20B-0D5C6DA34AA9}.Debug|x86.Build.0 = Debug|Any CPU
		{C52FE3F3-E999-4A12-A20B-0D5C6DA34AA9}.Release|Any CPU.ActiveCfg = Release|Any CPU
		{C52FE3F3-E999-4A12-A20B-0D5C6DA34AA9}.Release|Any CPU.Build.0 = Release|Any CPU
		{C52FE3F3-E999-4A12-A20B-0D5C6DA34AA9}.Release|x64.ActiveCfg = Release|Any CPU
		{C52FE3F3-E999-4A12-A20B-0D5C6DA34AA9}.Release|x64.Build.0 = Release|Any CPU
		{C52FE3F3-E999-4A12-A20B-0D5C6DA34AA9}.Release|x86.ActiveCfg = Release|Any CPU
		{C52FE3F3-E999-4A12-A20B-0D5C6DA34AA9}.Release|x86.Build.0 = Release|Any CPU
		{CBBB4C89-6F29-4502-8E48-CB53C81F5B27}.Debug|Any CPU.ActiveCfg = Debug|Any CPU
		{CBBB4C89-6F29-4502-8E48-CB53C81F5B27}.Debug|Any CPU.Build.0 = Debug|Any CPU
		{CBBB4C89-6F29-4502-8E48-CB53C81F5B27}.Debug|x64.ActiveCfg = Debug|Any CPU
		{CBBB4C89-6F29-4502-8E48-CB53C81F5B27}.Debug|x64.Build.0 = Debug|Any CPU
		{CBBB4C89-6F29-4502-8E48-CB53C81F5B27}.Debug|x86.ActiveCfg = Debug|Any CPU
		{CBBB4C89-6F29-4502-8E48-CB53C81F5B27}.Debug|x86.Build.0 = Debug|Any CPU
		{CBBB4C89-6F29-4502-8E48-CB53C81F5B27}.Release|Any CPU.ActiveCfg = Release|Any CPU
		{CBBB4C89-6F29-4502-8E48-CB53C81F5B27}.Release|Any CPU.Build.0 = Release|Any CPU
		{CBBB4C89-6F29-4502-8E48-CB53C81F5B27}.Release|x64.ActiveCfg = Release|Any CPU
		{CBBB4C89-6F29-4502-8E48-CB53C81F5B27}.Release|x64.Build.0 = Release|Any CPU
		{CBBB4C89-6F29-4502-8E48-CB53C81F5B27}.Release|x86.ActiveCfg = Release|Any CPU
		{CBBB4C89-6F29-4502-8E48-CB53C81F5B27}.Release|x86.Build.0 = Release|Any CPU
	EndGlobalSection
	GlobalSection(SolutionProperties) = preSolution
		HideSolutionNode = FALSE
	EndGlobalSection
	GlobalSection(NestedProjects) = preSolution
		{2EA6492F-70A7-41EB-B816-A9854C0DB47B} = {05420FAB-1C50-4AAD-9E7C-2A86184019B7}
		{95D6BC50-E55F-4D9B-B96D-D97EE5456BE1} = {E7671C23-F30C-471A-A9EF-AC85DC607B55}
		{6F4573B4-A5CC-48B6-A96A-E692C612275D} = {E7671C23-F30C-471A-A9EF-AC85DC607B55}
		{4E83EBD1-AC2B-43DA-9EDD-420A213FF635} = {E7671C23-F30C-471A-A9EF-AC85DC607B55}
		{661A3E05-A174-4930-8171-5EDC19D1D267} = {05420FAB-1C50-4AAD-9E7C-2A86184019B7}
		{245519C4-A8C6-40A4-AE09-9431DC1845EF} = {05420FAB-1C50-4AAD-9E7C-2A86184019B7}
		{CC0964BD-CDF0-4976-AF28-B28800FDC286} = {E7671C23-F30C-471A-A9EF-AC85DC607B55}
	EndGlobalSection
	GlobalSection(ExtensibilityGlobals) = postSolution
		SolutionGuid = {C5AE6DA4-B167-44E5-9B63-61C7E8D1BC9F}
	EndGlobalSection
EndGlobal
